
Microsoft Visual Studio Solution File, Format Version 12.00
# Visual Studio Version 16
VisualStudioVersion = 16.0.30204.135
MinimumVisualStudioVersion = 10.0.40219.1
Project("{9A19103F-16F7-4668-BE54-9A1E7A4F7556}") = "tillsammans.azf", "tillsammans.azf\tillsammans.azf.csproj", "{5AA6C765-500B-485A-83B4-B102E8B23A8C}"
EndProject
Project("{9A19103F-16F7-4668-BE54-9A1E7A4F7556}") = "tillsammans.core.shared", "tillsammans.core.shared\tillsammans.core.shared.csproj", "{E8DBA967-EE5D-4B3F-B076-481A92A3B27A}"
EndProject
Project("{9A19103F-16F7-4668-BE54-9A1E7A4F7556}") = "tillsammans.azfTests", "tillsammans.azfTests\tillsammans.azfTests.csproj", "{5A399830-99CB-4B32-AC90-651ABC5F4367}"
EndProject
Project("{FAE04EC0-301F-11D3-BF4B-00C04F79EFBC}") = "tillsammans.webapi", "tillsammans.webapi\tillsammans.webapi.csproj", "{D9A03E31-F246-4045-83D6-AB7753E0FEE0}"
EndProject
Project("{9A19103F-16F7-4668-BE54-9A1E7A4F7556}") = "tillsammans.api.shared", "tillsammans.api.shared\tillsammans.api.shared.csproj", "{DD259D11-6026-447A-8DB7-9EFE06AFEFD0}"
EndProject
Project("{9A19103F-16F7-4668-BE54-9A1E7A4F7556}") = "tillsammans.api.mocks", "tillsammans.api.mocks\tillsammans.api.mocks.csproj", "{6960FE2E-3EC8-4288-95BA-F894F5762E43}"
EndProject
Global
	GlobalSection(SolutionConfigurationPlatforms) = preSolution
		Debug|Any CPU = Debug|Any CPU
		Debug|ARM = Debug|ARM
		Debug|iPhone = Debug|iPhone
		Debug|iPhoneSimulator = Debug|iPhoneSimulator
		Debug|x64 = Debug|x64
		Debug|x86 = Debug|x86
		Release|Any CPU = Release|Any CPU
		Release|ARM = Release|ARM
		Release|iPhone = Release|iPhone
		Release|iPhoneSimulator = Release|iPhoneSimulator
		Release|x64 = Release|x64
		Release|x86 = Release|x86
	EndGlobalSection
	GlobalSection(ProjectConfigurationPlatforms) = postSolution
		{5AA6C765-500B-485A-83B4-B102E8B23A8C}.Debug|Any CPU.ActiveCfg = Debug|Any CPU
		{5AA6C765-500B-485A-83B4-B102E8B23A8C}.Debug|Any CPU.Build.0 = Debug|Any CPU
		{5AA6C765-500B-485A-83B4-B102E8B23A8C}.Debug|ARM.ActiveCfg = Debug|Any CPU
		{5AA6C765-500B-485A-83B4-B102E8B23A8C}.Debug|ARM.Build.0 = Debug|Any CPU
		{5AA6C765-500B-485A-83B4-B102E8B23A8C}.Debug|iPhone.ActiveCfg = Debug|Any CPU
		{5AA6C765-500B-485A-83B4-B102E8B23A8C}.Debug|iPhone.Build.0 = Debug|Any CPU
		{5AA6C765-500B-485A-83B4-B102E8B23A8C}.Debug|iPhoneSimulator.ActiveCfg = Debug|Any CPU
		{5AA6C765-500B-485A-83B4-B102E8B23A8C}.Debug|iPhoneSimulator.Build.0 = Debug|Any CPU
		{5AA6C765-500B-485A-83B4-B102E8B23A8C}.Debug|x64.ActiveCfg = Debug|Any CPU
		{5AA6C765-500B-485A-83B4-B102E8B23A8C}.Debug|x64.Build.0 = Debug|Any CPU
		{5AA6C765-500B-485A-83B4-B102E8B23A8C}.Debug|x86.ActiveCfg = Debug|Any CPU
		{5AA6C765-500B-485A-83B4-B102E8B23A8C}.Debug|x86.Build.0 = Debug|Any CPU
		{5AA6C765-500B-485A-83B4-B102E8B23A8C}.Release|Any CPU.ActiveCfg = Release|Any CPU
		{5AA6C765-500B-485A-83B4-B102E8B23A8C}.Release|Any CPU.Build.0 = Release|Any CPU
		{5AA6C765-500B-485A-83B4-B102E8B23A8C}.Release|ARM.ActiveCfg = Release|Any CPU
		{5AA6C765-500B-485A-83B4-B102E8B23A8C}.Release|ARM.Build.0 = Release|Any CPU
		{5AA6C765-500B-485A-83B4-B102E8B23A8C}.Release|iPhone.ActiveCfg = Release|Any CPU
		{5AA6C765-500B-485A-83B4-B102E8B23A8C}.Release|iPhone.Build.0 = Release|Any CPU
		{5AA6C765-500B-485A-83B4-B102E8B23A8C}.Release|iPhoneSimulator.ActiveCfg = Release|Any CPU
		{5AA6C765-500B-485A-83B4-B102E8B23A8C}.Release|iPhoneSimulator.Build.0 = Release|Any CPU
		{5AA6C765-500B-485A-83B4-B102E8B23A8C}.Release|x64.ActiveCfg = Release|Any CPU
		{5AA6C765-500B-485A-83B4-B102E8B23A8C}.Release|x64.Build.0 = Release|Any CPU
		{5AA6C765-500B-485A-83B4-B102E8B23A8C}.Release|x86.ActiveCfg = Release|Any CPU
		{5AA6C765-500B-485A-83B4-B102E8B23A8C}.Release|x86.Build.0 = Release|Any CPU
		{E8DBA967-EE5D-4B3F-B076-481A92A3B27A}.Debug|Any CPU.ActiveCfg = Debug|Any CPU
		{E8DBA967-EE5D-4B3F-B076-481A92A3B27A}.Debug|Any CPU.Build.0 = Debug|Any CPU
		{E8DBA967-EE5D-4B3F-B076-481A92A3B27A}.Debug|ARM.ActiveCfg = Debug|Any CPU
		{E8DBA967-EE5D-4B3F-B076-481A92A3B27A}.Debug|ARM.Build.0 = Debug|Any CPU
		{E8DBA967-EE5D-4B3F-B076-481A92A3B27A}.Debug|iPhone.ActiveCfg = Debug|Any CPU
		{E8DBA967-EE5D-4B3F-B076-481A92A3B27A}.Debug|iPhone.Build.0 = Debug|Any CPU
		{E8DBA967-EE5D-4B3F-B076-481A92A3B27A}.Debug|iPhoneSimulator.ActiveCfg = Debug|Any CPU
		{E8DBA967-EE5D-4B3F-B076-481A92A3B27A}.Debug|iPhoneSimulator.Build.0 = Debug|Any CPU
		{E8DBA967-EE5D-4B3F-B076-481A92A3B27A}.Debug|x64.ActiveCfg = Debug|Any CPU
		{E8DBA967-EE5D-4B3F-B076-481A92A3B27A}.Debug|x64.Build.0 = Debug|Any CPU
		{E8DBA967-EE5D-4B3F-B076-481A92A3B27A}.Debug|x86.ActiveCfg = Debug|Any CPU
		{E8DBA967-EE5D-4B3F-B076-481A92A3B27A}.Debug|x86.Build.0 = Debug|Any CPU
		{E8DBA967-EE5D-4B3F-B076-481A92A3B27A}.Release|Any CPU.ActiveCfg = Release|Any CPU
		{E8DBA967-EE5D-4B3F-B076-481A92A3B27A}.Release|Any CPU.Build.0 = Release|Any CPU
		{E8DBA967-EE5D-4B3F-B076-481A92A3B27A}.Release|ARM.ActiveCfg = Release|Any CPU
		{E8DBA967-EE5D-4B3F-B076-481A92A3B27A}.Release|ARM.Build.0 = Release|Any CPU
		{E8DBA967-EE5D-4B3F-B076-481A92A3B27A}.Release|iPhone.ActiveCfg = Release|Any CPU
		{E8DBA967-EE5D-4B3F-B076-481A92A3B27A}.Release|iPhone.Build.0 = Release|Any CPU
		{E8DBA967-EE5D-4B3F-B076-481A92A3B27A}.Release|iPhoneSimulator.ActiveCfg = Release|Any CPU
		{E8DBA967-EE5D-4B3F-B076-481A92A3B27A}.Release|iPhoneSimulator.Build.0 = Release|Any CPU
		{E8DBA967-EE5D-4B3F-B076-481A92A3B27A}.Release|x64.ActiveCfg = Release|Any CPU
		{E8DBA967-EE5D-4B3F-B076-481A92A3B27A}.Release|x64.Build.0 = Release|Any CPU
		{E8DBA967-EE5D-4B3F-B076-481A92A3B27A}.Release|x86.ActiveCfg = Release|Any CPU
		{E8DBA967-EE5D-4B3F-B076-481A92A3B27A}.Release|x86.Build.0 = Release|Any CPU
		{5A399830-99CB-4B32-AC90-651ABC5F4367}.Debug|Any CPU.ActiveCfg = Debug|Any CPU
		{5A399830-99CB-4B32-AC90-651ABC5F4367}.Debug|Any CPU.Build.0 = Debug|Any CPU
		{5A399830-99CB-4B32-AC90-651ABC5F4367}.Debug|ARM.ActiveCfg = Debug|Any CPU
		{5A399830-99CB-4B32-AC90-651ABC5F4367}.Debug|ARM.Build.0 = Debug|Any CPU
		{5A399830-99CB-4B32-AC90-651ABC5F4367}.Debug|iPhone.ActiveCfg = Debug|Any CPU
		{5A399830-99CB-4B32-AC90-651ABC5F4367}.Debug|iPhone.Build.0 = Debug|Any CPU
		{5A399830-99CB-4B32-AC90-651ABC5F4367}.Debug|iPhoneSimulator.ActiveCfg = Debug|Any CPU
		{5A399830-99CB-4B32-AC90-651ABC5F4367}.Debug|iPhoneSimulator.Build.0 = Debug|Any CPU
		{5A399830-99CB-4B32-AC90-651ABC5F4367}.Debug|x64.ActiveCfg = Debug|Any CPU
		{5A399830-99CB-4B32-AC90-651ABC5F4367}.Debug|x64.Build.0 = Debug|Any CPU
		{5A399830-99CB-4B32-AC90-651ABC5F4367}.Debug|x86.ActiveCfg = Debug|Any CPU
		{5A399830-99CB-4B32-AC90-651ABC5F4367}.Debug|x86.Build.0 = Debug|Any CPU
		{5A399830-99CB-4B32-AC90-651ABC5F4367}.Release|Any CPU.ActiveCfg = Release|Any CPU
		{5A399830-99CB-4B32-AC90-651ABC5F4367}.Release|Any CPU.Build.0 = Release|Any CPU
		{5A399830-99CB-4B32-AC90-651ABC5F4367}.Release|ARM.ActiveCfg = Release|Any CPU
		{5A399830-99CB-4B32-AC90-651ABC5F4367}.Release|ARM.Build.0 = Release|Any CPU
		{5A399830-99CB-4B32-AC90-651ABC5F4367}.Release|iPhone.ActiveCfg = Release|Any CPU
		{5A399830-99CB-4B32-AC90-651ABC5F4367}.Release|iPhone.Build.0 = Release|Any CPU
		{5A399830-99CB-4B32-AC90-651ABC5F4367}.Release|iPhoneSimulator.ActiveCfg = Release|Any CPU
		{5A399830-99CB-4B32-AC90-651ABC5F4367}.Release|iPhoneSimulator.Build.0 = Release|Any CPU
		{5A399830-99CB-4B32-AC90-651ABC5F4367}.Release|x64.ActiveCfg = Release|Any CPU
		{5A399830-99CB-4B32-AC90-651ABC5F4367}.Release|x64.Build.0 = Release|Any CPU
		{5A399830-99CB-4B32-AC90-651ABC5F4367}.Release|x86.ActiveCfg = Release|Any CPU
		{5A399830-99CB-4B32-AC90-651ABC5F4367}.Release|x86.Build.0 = Release|Any CPU
		{D9A03E31-F246-4045-83D6-AB7753E0FEE0}.Debug|Any CPU.ActiveCfg = Debug|Any CPU
		{D9A03E31-F246-4045-83D6-AB7753E0FEE0}.Debug|Any CPU.Build.0 = Debug|Any CPU
		{D9A03E31-F246-4045-83D6-AB7753E0FEE0}.Debug|ARM.ActiveCfg = Debug|Any CPU
		{D9A03E31-F246-4045-83D6-AB7753E0FEE0}.Debug|ARM.Build.0 = Debug|Any CPU
		{D9A03E31-F246-4045-83D6-AB7753E0FEE0}.Debug|iPhone.ActiveCfg = Debug|Any CPU
		{D9A03E31-F246-4045-83D6-AB7753E0FEE0}.Debug|iPhone.Build.0 = Debug|Any CPU
		{D9A03E31-F246-4045-83D6-AB7753E0FEE0}.Debug|iPhoneSimulator.ActiveCfg = Debug|Any CPU
		{D9A03E31-F246-4045-83D6-AB7753E0FEE0}.Debug|iPhoneSimulator.Build.0 = Debug|Any CPU
		{D9A03E31-F246-4045-83D6-AB7753E0FEE0}.Debug|x64.ActiveCfg = Debug|Any CPU
		{D9A03E31-F246-4045-83D6-AB7753E0FEE0}.Debug|x64.Build.0 = Debug|Any CPU
		{D9A03E31-F246-4045-83D6-AB7753E0FEE0}.Debug|x86.ActiveCfg = Debug|Any CPU
		{D9A03E31-F246-4045-83D6-AB7753E0FEE0}.Debug|x86.Build.0 = Debug|Any CPU
		{D9A03E31-F246-4045-83D6-AB7753E0FEE0}.Release|Any CPU.ActiveCfg = Release|Any CPU
		{D9A03E31-F246-4045-83D6-AB7753E0FEE0}.Release|Any CPU.Build.0 = Release|Any CPU
		{D9A03E31-F246-4045-83D6-AB7753E0FEE0}.Release|ARM.ActiveCfg = Release|Any CPU
		{D9A03E31-F246-4045-83D6-AB7753E0FEE0}.Release|ARM.Build.0 = Release|Any CPU
		{D9A03E31-F246-4045-83D6-AB7753E0FEE0}.Release|iPhone.ActiveCfg = Release|Any CPU
		{D9A03E31-F246-4045-83D6-AB7753E0FEE0}.Release|iPhone.Build.0 = Release|Any CPU
		{D9A03E31-F246-4045-83D6-AB7753E0FEE0}.Release|iPhoneSimulator.ActiveCfg = Release|Any CPU
		{D9A03E31-F246-4045-83D6-AB7753E0FEE0}.Release|iPhoneSimulator.Build.0 = Release|Any CPU
		{D9A03E31-F246-4045-83D6-AB7753E0FEE0}.Release|x64.ActiveCfg = Release|Any CPU
		{D9A03E31-F246-4045-83D6-AB7753E0FEE0}.Release|x64.Build.0 = Release|Any CPU
		{D9A03E31-F246-4045-83D6-AB7753E0FEE0}.Release|x86.ActiveCfg = Release|Any CPU
		{D9A03E31-F246-4045-83D6-AB7753E0FEE0}.Release|x86.Build.0 = Release|Any CPU
		{DD259D11-6026-447A-8DB7-9EFE06AFEFD0}.Debug|Any CPU.ActiveCfg = Debug|Any CPU
		{DD259D11-6026-447A-8DB7-9EFE06AFEFD0}.Debug|Any CPU.Build.0 = Debug|Any CPU
		{DD259D11-6026-447A-8DB7-9EFE06AFEFD0}.Debug|ARM.ActiveCfg = Debug|Any CPU
		{DD259D11-6026-447A-8DB7-9EFE06AFEFD0}.Debug|ARM.Build.0 = Debug|Any CPU
		{DD259D11-6026-447A-8DB7-9EFE06AFEFD0}.Debug|iPhone.ActiveCfg = Debug|Any CPU
		{DD259D11-6026-447A-8DB7-9EFE06AFEFD0}.Debug|iPhone.Build.0 = Debug|Any CPU
		{DD259D11-6026-447A-8DB7-9EFE06AFEFD0}.Debug|iPhoneSimulator.ActiveCfg = Debug|Any CPU
		{DD259D11-6026-447A-8DB7-9EFE06AFEFD0}.Debug|iPhoneSimulator.Build.0 = Debug|Any CPU
		{DD259D11-6026-447A-8DB7-9EFE06AFEFD0}.Debug|x64.ActiveCfg = Debug|Any CPU
		{DD259D11-6026-447A-8DB7-9EFE06AFEFD0}.Debug|x64.Build.0 = Debug|Any CPU
		{DD259D11-6026-447A-8DB7-9EFE06AFEFD0}.Debug|x86.ActiveCfg = Debug|Any CPU
		{DD259D11-6026-447A-8DB7-9EFE06AFEFD0}.Debug|x86.Build.0 = Debug|Any CPU
		{DD259D11-6026-447A-8DB7-9EFE06AFEFD0}.Release|Any CPU.ActiveCfg = Release|Any CPU
		{DD259D11-6026-447A-8DB7-9EFE06AFEFD0}.Release|Any CPU.Build.0 = Release|Any CPU
		{DD259D11-6026-447A-8DB7-9EFE06AFEFD0}.Release|ARM.ActiveCfg = Release|Any CPU
		{DD259D11-6026-447A-8DB7-9EFE06AFEFD0}.Release|ARM.Build.0 = Release|Any CPU
		{DD259D11-6026-447A-8DB7-9EFE06AFEFD0}.Release|iPhone.ActiveCfg = Release|Any CPU
		{DD259D11-6026-447A-8DB7-9EFE06AFEFD0}.Release|iPhone.Build.0 = Release|Any CPU
		{DD259D11-6026-447A-8DB7-9EFE06AFEFD0}.Release|iPhoneSimulator.ActiveCfg = Release|Any CPU
		{DD259D11-6026-447A-8DB7-9EFE06AFEFD0}.Release|iPhoneSimulator.Build.0 = Release|Any CPU
		{DD259D11-6026-447A-8DB7-9EFE06AFEFD0}.Release|x64.ActiveCfg = Release|Any CPU
		{DD259D11-6026-447A-8DB7-9EFE06AFEFD0}.Release|x64.Build.0 = Release|Any CPU
		{DD259D11-6026-447A-8DB7-9EFE06AFEFD0}.Release|x86.ActiveCfg = Release|Any CPU
		{DD259D11-6026-447A-8DB7-9EFE06AFEFD0}.Release|x86.Build.0 = Release|Any CPU
		{6960FE2E-3EC8-4288-95BA-F894F5762E43}.Debug|Any CPU.ActiveCfg = Debug|Any CPU
		{6960FE2E-3EC8-4288-95BA-F894F5762E43}.Debug|Any CPU.Build.0 = Debug|Any CPU
		{6960FE2E-3EC8-4288-95BA-F894F5762E43}.Debug|ARM.ActiveCfg = Debug|Any CPU
		{6960FE2E-3EC8-4288-95BA-F894F5762E43}.Debug|ARM.Build.0 = Debug|Any CPU
		{6960FE2E-3EC8-4288-95BA-F894F5762E43}.Debug|iPhone.ActiveCfg = Debug|Any CPU
		{6960FE2E-3EC8-4288-95BA-F894F5762E43}.Debug|iPhone.Build.0 = Debug|Any CPU
		{6960FE2E-3EC8-4288-95BA-F894F5762E43}.Debug|iPhoneSimulator.ActiveCfg = Debug|Any CPU
		{6960FE2E-3EC8-4288-95BA-F894F5762E43}.Debug|iPhoneSimulator.Build.0 = Debug|Any CPU
		{6960FE2E-3EC8-4288-95BA-F894F5762E43}.Debug|x64.ActiveCfg = Debug|Any CPU
		{6960FE2E-3EC8-4288-95BA-F894F5762E43}.Debug|x64.Build.0 = Debug|Any CPU
		{6960FE2E-3EC8-4288-95BA-F894F5762E43}.Debug|x86.ActiveCfg = Debug|Any CPU
		{6960FE2E-3EC8-4288-95BA-F894F5762E43}.Debug|x86.Build.0 = Debug|Any CPU
		{6960FE2E-3EC8-4288-95BA-F894F5762E43}.Release|Any CPU.ActiveCfg = Release|Any CPU
		{6960FE2E-3EC8-4288-95BA-F894F5762E43}.Release|Any CPU.Build.0 = Release|Any CPU
		{6960FE2E-3EC8-4288-95BA-F894F5762E43}.Release|ARM.ActiveCfg = Release|Any CPU
		{6960FE2E-3EC8-4288-95BA-F894F5762E43}.Release|ARM.Build.0 = Release|Any CPU
		{6960FE2E-3EC8-4288-95BA-F894F5762E43}.Release|iPhone.ActiveCfg = Release|Any CPU
		{6960FE2E-3EC8-4288-95BA-F894F5762E43}.Release|iPhone.Build.0 = Release|Any CPU
		{6960FE2E-3EC8-4288-95BA-F894F5762E43}.Release|iPhoneSimulator.ActiveCfg = Release|Any CPU
		{6960FE2E-3EC8-4288-95BA-F894F5762E43}.Release|iPhoneSimulator.Build.0 = Release|Any CPU
		{6960FE2E-3EC8-4288-95BA-F894F5762E43}.Release|x64.ActiveCfg = Release|Any CPU
		{6960FE2E-3EC8-4288-95BA-F894F5762E43}.Release|x64.Build.0 = Release|Any CPU
		{6960FE2E-3EC8-4288-95BA-F894F5762E43}.Release|x86.ActiveCfg = Release|Any CPU
		{6960FE2E-3EC8-4288-95BA-F894F5762E43}.Release|x86.Build.0 = Release|Any CPU
	EndGlobalSection
	GlobalSection(SolutionProperties) = preSolution
		HideSolutionNode = FALSE
	EndGlobalSection
	GlobalSection(ExtensibilityGlobals) = postSolution
		SolutionGuid = {3FCE281F-9B43-43C7-931C-F8EF5B61BBFE}
	EndGlobalSection
EndGlobal
